// !$*UTF8*$!
{
	archiveVersion = 1;
	classes = {
	};
	objectVersion = 50;
	objects = {

/* Begin PBXBuildFile section */
		3F48957D244263290021E226 /* AppDelegate.swift in Sources */ = {isa = PBXBuildFile; fileRef = 3F48957C244263290021E226 /* AppDelegate.swift */; };
		3F48957F244263290021E226 /* SceneDelegate.swift in Sources */ = {isa = PBXBuildFile; fileRef = 3F48957E244263290021E226 /* SceneDelegate.swift */; };
		3F489581244263290021E226 /* ViewController.swift in Sources */ = {isa = PBXBuildFile; fileRef = 3F489580244263290021E226 /* ViewController.swift */; };
		3F489584244263290021E226 /* Main.storyboard in Resources */ = {isa = PBXBuildFile; fileRef = 3F489582244263290021E226 /* Main.storyboard */; };
		3F4895862442632E0021E226 /* Assets.xcassets in Resources */ = {isa = PBXBuildFile; fileRef = 3F4895852442632E0021E226 /* Assets.xcassets */; };
		3F4895892442632E0021E226 /* LaunchScreen.storyboard in Resources */ = {isa = PBXBuildFile; fileRef = 3F4895872442632E0021E226 /* LaunchScreen.storyboard */; };
		3F48959124426A6F0021E226 /* meow.m4a in Resources */ = {isa = PBXBuildFile; fileRef = 3F48959024426A6F0021E226 /* meow.m4a */; };
		3F48959524426A940021E226 /* SimpleSound.swift in Sources */ = {isa = PBXBuildFile; fileRef = 3F48959224426A940021E226 /* SimpleSound.swift */; };
		3F48959624426A940021E226 /* woof.m4a in Resources */ = {isa = PBXBuildFile; fileRef = 3F48959324426A940021E226 /* woof.m4a */; };
		3F48959724426A940021E226 /* moo.m4a in Resources */ = {isa = PBXBuildFile; fileRef = 3F48959424426A940021E226 /* moo.m4a */; };
/* End PBXBuildFile section */

/* Begin PBXFileReference section */
		3F489579244263290021E226 /* AnimalSounds.app */ = {isa = PBXFileReference; explicitFileType = wrapper.application; includeInIndex = 0; path = AnimalSounds.app; sourceTree = BUILT_PRODUCTS_DIR; };
		3F48957C244263290021E226 /* AppDelegate.swift */ = {isa = PBXFileReference; lastKnownFileType = sourcecode.swift; path = AppDelegate.swift; sourceTree = "<group>"; };
		3F48957E244263290021E226 /* SceneDelegate.swift */ = {isa = PBXFileReference; lastKnownFileType = sourcecode.swift; path = SceneDelegate.swift; sourceTree = "<group>"; };
		3F489580244263290021E226 /* ViewController.swift */ = {isa = PBXFileReference; lastKnownFileType = sourcecode.swift; path = ViewController.swift; sourceTree = "<group>"; };
		3F489583244263290021E226 /* Base */ = {isa = PBXFileReference; lastKnownFileType = file.storyboard; name = Base; path = Base.lproj/Main.storyboard; sourceTree = "<group>"; };
		3F4895852442632E0021E226 /* Assets.xcassets */ = {isa = PBXFileReference; lastKnownFileType = folder.assetcatalog; path = Assets.xcassets; sourceTree = "<group>"; };
		3F4895882442632E0021E226 /* Base */ = {isa = PBXFileReference; lastKnownFileType = file.storyboard; name = Base; path = Base.lproj/LaunchScreen.storyboard; sourceTree = "<group>"; };
		3F48958A2442632E0021E226 /* Info.plist */ = {isa = PBXFileReference; lastKnownFileType = text.plist.xml; path = Info.plist; sourceTree = "<group>"; };
		3F48959024426A6F0021E226 /* meow.m4a */ = {isa = PBXFileReference; lastKnownFileType = file; name = meow.m4a; path = ../../Resources/AnimalSounds/meow.m4a; sourceTree = "<group>"; };
		3F48959224426A940021E226 /* SimpleSound.swift */ = {isa = PBXFileReference; fileEncoding = 4; lastKnownFileType = sourcecode.swift; name = SimpleSound.swift; path = ../../Resources/AnimalSounds/SimpleSound.swift; sourceTree = "<group>"; };
		3F48959324426A940021E226 /* woof.m4a */ = {isa = PBXFileReference; lastKnownFileType = file; name = woof.m4a; path = ../../Resources/AnimalSounds/woof.m4a; sourceTree = "<group>"; };
		3F48959424426A940021E226 /* moo.m4a */ = {isa = PBXFileReference; lastKnownFileType = file; name = moo.m4a; path = ../../Resources/AnimalSounds/moo.m4a; sourceTree = "<group>"; };
/* End PBXFileReference section */

/* Begin PBXFrameworksBuildPhase section */
		3F489576244263290021E226 /* Frameworks */ = {
			isa = PBXFrameworksBuildPhase;
			buildActionMask = 2147483647;
			files = (
			);
			runOnlyForDeploymentPostprocessing = 0;
		};
/* End PBXFrameworksBuildPhase section */

/* Begin PBXGroup section */
		3F489570244263290021E226 = {
			isa = PBXGroup;
			children = (
				3F48957B244263290021E226 /* AnimalSounds */,
				3F48957A244263290021E226 /* Products */,
			);
			sourceTree = "<group>";
		};
		3F48957A244263290021E226 /* Products */ = {
			isa = PBXGroup;
			children = (
				3F489579244263290021E226 /* AnimalSounds.app */,
			);
			name = Products;
			sourceTree = "<group>";
		};
		3F48957B244263290021E226 /* AnimalSounds */ = {
			isa = PBXGroup;
			children = (
				3F48959024426A6F0021E226 /* meow.m4a */,
				3F48959424426A940021E226 /* moo.m4a */,
				3F48959224426A940021E226 /* SimpleSound.swift */,
				3F48959324426A940021E226 /* woof.m4a */,
				3F48957C244263290021E226 /* AppDelegate.swift */,
				3F48957E244263290021E226 /* SceneDelegate.swift */,
				3F489580244263290021E226 /* ViewController.swift */,
				3F489582244263290021E226 /* Main.storyboard */,
				3F4895852442632E0021E226 /* Assets.xcassets */,
				3F4895872442632E0021E226 /* LaunchScreen.storyboard */,
				3F48958A2442632E0021E226 /* Info.plist */,
			);
			path = AnimalSounds;
			sourceTree = "<group>";
		};
/* End PBXGroup section */

/* Begin PBXNativeTarget section */
		3F489578244263290021E226 /* AnimalSounds */ = {
			isa = PBXNativeTarget;
			buildConfigurationList = 3F48958D2442632E0021E226 /* Build configuration list for PBXNativeTarget "AnimalSounds" */;
			buildPhases = (
				3F489575244263290021E226 /* Sources */,
				3F489576244263290021E226 /* Frameworks */,
				3F489577244263290021E226 /* Resources */,
			);
			buildRules = (
			);
			dependencies = (
			);
			name = AnimalSounds;
			productName = AnimalSounds;
			productReference = 3F489579244263290021E226 /* AnimalSounds.app */;
			productType = "com.apple.product-type.application";
		};
/* End PBXNativeTarget section */

/* Begin PBXProject section */
		3F489571244263290021E226 /* Project object */ = {
			isa = PBXProject;
			attributes = {
				LastSwiftUpdateCheck = 1140;
				LastUpgradeCheck = 1140;
				ORGANIZATIONNAME = "Apple Inc.";
				TargetAttributes = {
					3F489578244263290021E226 = {
						CreatedOnToolsVersion = 11.4;
					};
				};
			};
			buildConfigurationList = 3F489574244263290021E226 /* Build configuration list for PBXProject "AnimalSounds" */;
			compatibilityVersion = "Xcode 9.3";
			developmentRegion = en;
			hasScannedForEncodings = 0;
			knownRegions = (
				en,
				Base,
			);
			mainGroup = 3F489570244263290021E226;
			productRefGroup = 3F48957A244263290021E226 /* Products */;
			projectDirPath = "";
			projectRoot = "";
			targets = (
				3F489578244263290021E226 /* AnimalSounds */,
			);
		};
/* End PBXProject section */

/* Begin PBXResourcesBuildPhase section */
		3F489577244263290021E226 /* Resources */ = {
			isa = PBXResourcesBuildPhase;
			buildActionMask = 2147483647;
			files = (
				3F48959724426A940021E226 /* moo.m4a in Resources */,
				3F48959124426A6F0021E226 /* meow.m4a in Resources */,
				3F4895892442632E0021E226 /* LaunchScreen.storyboard in Resources */,
				3F4895862442632E0021E226 /* Assets.xcassets in Resources */,
				3F48959624426A940021E226 /* woof.m4a in Resources */,
				3F489584244263290021E226 /* Main.storyboard in Resources */,
			);
			runOnlyForDeploymentPostprocessing = 0;
		};
/* End PBXResourcesBuildPhase section */

/* Begin PBXSourcesBuildPhase section */
		3F489575244263290021E226 /* Sources */ = {
			isa = PBXSourcesBuildPhase;
			buildActionMask = 2147483647;
			files = (
				3F489581244263290021E226 /* ViewController.swift in Sources */,
				3F48957D244263290021E226 /* AppDelegate.swift in Sources */,
				3F48957F244263290021E226 /* SceneDelegate.swift in Sources */,
				3F48959524426A940021E226 /* SimpleSound.swift in Sources */,
			);
			runOnlyForDeploymentPostprocessing = 0;
		};
/* End PBXSourcesBuildPhase section */

/* Begin PBXVariantGroup section */
		3F489582244263290021E226 /* Main.storyboard */ = {
			isa = PBXVariantGroup;
			children = (
				3F489583244263290021E226 /* Base */,
			);
			name = Main.storyboard;
			sourceTree = "<group>";
		};
		3F4895872442632E0021E226 /* LaunchScreen.storyboard */ = {
			isa = PBXVariantGroup;
			children = (
				3F4895882442632E0021E226 /* Base */,
			);
			name = LaunchScreen.storyboard;
			sourceTree = "<group>";
		};
/* End PBXVariantGroup section */

/* Begin XCBuildConfiguration section */
		3F48958B2442632E0021E226 /* Debug */ = {
			isa = XCBuildConfiguration;
			buildSettings = {
				ALWAYS_SEARCH_USER_PATHS = NO;
				CLANG_ANALYZER_NONNULL = YES;
				CLANG_ANALYZER_NUMBER_OBJECT_CONVERSION = YES_AGGRESSIVE;
				CLANG_CXX_LANGUAGE_STANDARD = "gnu++14";
				CLANG_CXX_LIBRARY = "libc++";
				CLANG_ENABLE_MODULES = YES;
				CLANG_ENABLE_OBJC_ARC = YES;
				CLANG_ENABLE_OBJC_WEAK = YES;
				CLANG_WARN_BLOCK_CAPTURE_AUTORELEASING = YES;
				CLANG_WARN_BOOL_CONVERSION = YES;
				CLANG_WARN_COMMA = YES;
				CLANG_WARN_CONSTANT_CONVERSION = YES;
				CLANG_WARN_DEPRECATED_OBJC_IMPLEMENTATIONS = YES;
				CLANG_WARN_DIRECT_OBJC_ISA_USAGE = YES_ERROR;
				CLANG_WARN_DOCUMENTATION_COMMENTS = YES;
				CLANG_WARN_EMPTY_BODY = YES;
				CLANG_WARN_ENUM_CONVERSION = YES;
				CLANG_WARN_INFINITE_RECURSION = YES;
				CLANG_WARN_INT_CONVERSION = YES;
				CLANG_WARN_NON_LITERAL_NULL_CONVERSION = YES;
				CLANG_WARN_OBJC_IMPLICIT_RETAIN_SELF = YES;
				CLANG_WARN_OBJC_LITERAL_CONVERSION = YES;
				CLANG_WARN_OBJC_ROOT_CLASS = YES_ERROR;
				CLANG_WARN_RANGE_LOOP_ANALYSIS = YES;
				CLANG_WARN_STRICT_PROTOTYPES = YES;
				CLANG_WARN_SUSPICIOUS_MOVE = YES;
				CLANG_WARN_UNGUARDED_AVAILABILITY = YES_AGGRESSIVE;
				CLANG_WARN_UNREACHABLE_CODE = YES;
				CLANG_WARN__DUPLICATE_METHOD_MATCH = YES;
				COPY_PHASE_STRIP = NO;
				DEBUG_INFORMATION_FORMAT = dwarf;
				ENABLE_STRICT_OBJC_MSGSEND = YES;
				ENABLE_TESTABILITY = YES;
				GCC_C_LANGUAGE_STANDARD = gnu11;
				GCC_DYNAMIC_NO_PIC = NO;
				GCC_NO_COMMON_BLOCKS = YES;
				GCC_OPTIMIZATION_LEVEL = 0;
				GCC_PREPROCESSOR_DEFINITIONS = (
					"DEBUG=1",
					"$(inherited)",
				);
				GCC_WARN_64_TO_32_BIT_CONVERSION = YES;
				GCC_WARN_ABOUT_RETURN_TYPE = YES_ERROR;
				GCC_WARN_UNDECLARED_SELECTOR = YES;
				GCC_WARN_UNINITIALIZED_AUTOS = YES_AGGRESSIVE;
				GCC_WARN_UNUSED_FUNCTION = YES;
				GCC_WARN_UNUSED_VARIABLE = YES;
				IPHONEOS_DEPLOYMENT_TARGET = 13.4;
				MTL_ENABLE_DEBUG_INFO = INCLUDE_SOURCE;
				MTL_FAST_MATH = YES;
				ONLY_ACTIVE_ARCH = YES;
				SDKROOT = iphoneos;
				SWIFT_ACTIVE_COMPILATION_CONDITIONS = DEBUG;
				SWIFT_OPTIMIZATION_LEVEL = "-Onone";
			};
			name = Debug;
		};
		3F48958C2442632E0021E226 /* Release */ = {
			isa = XCBuildConfiguration;
			buildSettings = {
				ALWAYS_SEARCH_USER_PATHS = NO;
				CLANG_ANALYZER_NONNULL = YES;
				CLANG_ANALYZER_NUMBER_OBJECT_CONVERSION = YES_AGGRESSIVE;
				CLANG_CXX_LANGUAGE_STANDARD = "gnu++14";
				CLANG_CXX_LIBRARY = "libc++";
				CLANG_ENABLE_MODULES = YES;
				CLANG_ENABLE_OBJC_ARC = YES;
				CLANG_ENABLE_OBJC_WEAK = YES;
				CLANG_WARN_BLOCK_CAPTURE_AUTORELEASING = YES;
				CLANG_WARN_BOOL_CONVERSION = YES;
				CLANG_WARN_COMMA = YES;
				CLANG_WARN_CONSTANT_CONVERSION = YES;
				CLANG_WARN_DEPRECATED_OBJC_IMPLEMENTATIONS = YES;
				CLANG_WARN_DIRECT_OBJC_ISA_USAGE = YES_ERROR;
				CLANG_WARN_DOCUMENTATION_COMMENTS = YES;
				CLANG_WARN_EMPTY_BODY = YES;
				CLANG_WARN_ENUM_CONVERSION = YES;
				CLANG_WARN_INFINITE_RECURSION = YES;
				CLANG_WARN_INT_CONVERSION = YES;
				CLANG_WARN_NON_LITERAL_NULL_CONVERSION = YES;
				CLANG_WARN_OBJC_IMPLICIT_RETAIN_SELF = YES;
				CLANG_WARN_OBJC_LITERAL_CONVERSION = YES;
				CLANG_WARN_OBJC_ROOT_CLASS = YES_ERROR;
				CLANG_WARN_RANGE_LOOP_ANALYSIS = YES;
				CLANG_WARN_STRICT_PROTOTYPES = YES;
				CLANG_WARN_SUSPICIOUS_MOVE = YES;
				CLANG_WARN_UNGUARDED_AVAILABILITY = YES_AGGRESSIVE;
				CLANG_WARN_UNREACHABLE_CODE = YES;
				CLANG_WARN__DUPLICATE_METHOD_MATCH = YES;
				COPY_PHASE_STRIP = NO;
				DEBUG_INFORMATION_FORMAT = "dwarf-with-dsym";
				ENABLE_NS_ASSERTIONS = NO;
				ENABLE_STRICT_OBJC_MSGSEND = YES;
				GCC_C_LANGUAGE_STANDARD = gnu11;
				GCC_NO_COMMON_BLOCKS = YES;
				GCC_WARN_64_TO_32_BIT_CONVERSION = YES;
				GCC_WARN_ABOUT_RETURN_TYPE = YES_ERROR;
				GCC_WARN_UNDECLARED_SELECTOR = YES;
				GCC_WARN_UNINITIALIZED_AUTOS = YES_AGGRESSIVE;
				GCC_WARN_UNUSED_FUNCTION = YES;
				GCC_WARN_UNUSED_VARIABLE = YES;
				IPHONEOS_DEPLOYMENT_TARGET = 13.4;
				MTL_ENABLE_DEBUG_INFO = NO;
				MTL_FAST_MATH = YES;
				SDKROOT = iphoneos;
				SWIFT_COMPILATION_MODE = wholemodule;
				SWIFT_OPTIMIZATION_LEVEL = "-O";
				VALIDATE_PRODUCT = YES;
			};
			name = Release;
		};
		3F48958E2442632E0021E226 /* Debug */ = {
			isa = XCBuildConfiguration;
			buildSettings = {
				ASSETCATALOG_COMPILER_APPICON_NAME = AppIcon;
				CODE_SIGN_STYLE = Automatic;
				INFOPLIST_FILE = AnimalSounds/Info.plist;
				LD_RUNPATH_SEARCH_PATHS = (
					"$(inherited)",
					"@executable_path/Frameworks",
				);
				PRODUCT_BUNDLE_IDENTIFIER = com.example.AnimalSounds;
				PRODUCT_NAME = "$(TARGET_NAME)";
				SWIFT_VERSION = 5.0;
				TARGETED_DEVICE_FAMILY = "1,2";
			};
			name = Debug;
		};
		3F48958F2442632E0021E226 /* Release */ = {
			isa = XCBuildConfiguration;
			buildSettings = {
				ASSETCATALOG_COMPILER_APPICON_NAME = AppIcon;
				CODE_SIGN_STYLE = Automatic;
				INFOPLIST_FILE = AnimalSounds/Info.plist;
				LD_RUNPATH_SEARCH_PATHS = (
					"$(inherited)",
					"@executable_path/Frameworks",
				);
				PRODUCT_BUNDLE_IDENTIFIER = com.example.AnimalSounds;
				PRODUCT_NAME = "$(TARGET_NAME)";
				SWIFT_VERSION = 5.0;
				TARGETED_DEVICE_FAMILY = "1,2";
			};
			name = Release;
		};
/* End XCBuildConfiguration section */

/* Begin XCConfigurationList section */
		3F489574244263290021E226 /* Build configuration list for PBXProject "AnimalSounds" */ = {
			isa = XCConfigurationList;
			buildConfigurations = (
				3F48958B2442632E0021E226 /* Debug */,
				3F48958C2442632E0021E226 /* Release */,
			);
			defaultConfigurationIsVisible = 0;
			defaultConfigurationName = Release;
		};
		3F48958D2442632E0021E226 /* Build configuration list for PBXNativeTarget "AnimalSounds" */ = {
			isa = XCConfigurationList;
			buildConfigurations = (
				3F48958E2442632E0021E226 /* Debug */,
				3F48958F2442632E0021E226 /* Release */,
			);
			defaultConfigurationIsVisible = 0;
			defaultConfigurationName = Release;
		};
/* End XCConfigurationList section */
	};
	rootObject = 3F489571244263290021E226 /* Project object */;
}
