// !$*UTF8*$!
{
	archiveVersion = 1;
	classes = {
	};
	objectVersion = 50;
	objects = {

/* Begin PBXBuildFile section */
		3F800E73244AC3F700D14EDD /* AppDelegate.swift in Sources */ = {isa = PBXBuildFile; fileRef = 3F800E72244AC3F700D14EDD /* AppDelegate.swift */; };
		3F800E75244AC3F700D14EDD /* SceneDelegate.swift in Sources */ = {isa = PBXBuildFile; fileRef = 3F800E74244AC3F700D14EDD /* SceneDelegate.swift */; };
		3F800E77244AC3F700D14EDD /* ViewController.swift in Sources */ = {isa = PBXBuildFile; fileRef = 3F800E76244AC3F700D14EDD /* ViewController.swift */; };
		3F800E7A244AC3F700D14EDD /* Main.storyboard in Resources */ = {isa = PBXBuildFile; fileRef = 3F800E78244AC3F700D14EDD /* Main.storyboard */; };
		3F800E7C244AC40000D14EDD /* Assets.xcassets in Resources */ = {isa = PBXBuildFile; fileRef = 3F800E7B244AC40000D14EDD /* Assets.xcassets */; };
		3F800E7F244AC40000D14EDD /* LaunchScreen.storyboard in Resources */ = {isa = PBXBuildFile; fileRef = 3F800E7D244AC40000D14EDD /* LaunchScreen.storyboard */; };
		3F800E87244ACA6300D14EDD /* CaptionMaker.swift in Sources */ = {isa = PBXBuildFile; fileRef = 3F800E86244ACA6300D14EDD /* CaptionMaker.swift */; };
/* End PBXBuildFile section */

/* Begin PBXFileReference section */
		3F800E6F244AC3F700D14EDD /* memeMaker.app */ = {isa = PBXFileReference; explicitFileType = wrapper.application; includeInIndex = 0; path = memeMaker.app; sourceTree = BUILT_PRODUCTS_DIR; };
		3F800E72244AC3F700D14EDD /* AppDelegate.swift */ = {isa = PBXFileReference; lastKnownFileType = sourcecode.swift; path = AppDelegate.swift; sourceTree = "<group>"; };
		3F800E74244AC3F700D14EDD /* SceneDelegate.swift */ = {isa = PBXFileReference; lastKnownFileType = sourcecode.swift; path = SceneDelegate.swift; sourceTree = "<group>"; };
		3F800E76244AC3F700D14EDD /* ViewController.swift */ = {isa = PBXFileReference; lastKnownFileType = sourcecode.swift; path = ViewController.swift; sourceTree = "<group>"; };
		3F800E79244AC3F700D14EDD /* Base */ = {isa = PBXFileReference; lastKnownFileType = file.storyboard; name = Base; path = Base.lproj/Main.storyboard; sourceTree = "<group>"; };
		3F800E7B244AC40000D14EDD /* Assets.xcassets */ = {isa = PBXFileReference; lastKnownFileType = folder.assetcatalog; path = Assets.xcassets; sourceTree = "<group>"; };
		3F800E7E244AC40000D14EDD /* Base */ = {isa = PBXFileReference; lastKnownFileType = file.storyboard; name = Base; path = Base.lproj/LaunchScreen.storyboard; sourceTree = "<group>"; };
		3F800E80244AC40000D14EDD /* Info.plist */ = {isa = PBXFileReference; lastKnownFileType = text.plist.xml; path = Info.plist; sourceTree = "<group>"; };
		3F800E86244ACA6300D14EDD /* CaptionMaker.swift */ = {isa = PBXFileReference; lastKnownFileType = sourcecode.swift; path = CaptionMaker.swift; sourceTree = "<group>"; };
/* End PBXFileReference section */

/* Begin PBXFrameworksBuildPhase section */
		3F800E6C244AC3F700D14EDD /* Frameworks */ = {
			isa = PBXFrameworksBuildPhase;
			buildActionMask = 2147483647;
			files = (
			);
			runOnlyForDeploymentPostprocessing = 0;
		};
/* End PBXFrameworksBuildPhase section */

/* Begin PBXGroup section */
		3F800E66244AC3F700D14EDD = {
			isa = PBXGroup;
			children = (
				3F800E71244AC3F700D14EDD /* memeMaker */,
				3F800E70244AC3F700D14EDD /* Products */,
			);
			sourceTree = "<group>";
		};
		3F800E70244AC3F700D14EDD /* Products */ = {
			isa = PBXGroup;
			children = (
				3F800E6F244AC3F700D14EDD /* memeMaker.app */,
			);
			name = Products;
			sourceTree = "<group>";
		};
		3F800E71244AC3F700D14EDD /* memeMaker */ = {
			isa = PBXGroup;
			children = (
				3F800E72244AC3F700D14EDD /* AppDelegate.swift */,
				3F800E74244AC3F700D14EDD /* SceneDelegate.swift */,
				3F800E76244AC3F700D14EDD /* ViewController.swift */,
				3F800E78244AC3F700D14EDD /* Main.storyboard */,
				3F800E7B244AC40000D14EDD /* Assets.xcassets */,
				3F800E7D244AC40000D14EDD /* LaunchScreen.storyboard */,
				3F800E80244AC40000D14EDD /* Info.plist */,
				3F800E86244ACA6300D14EDD /* CaptionMaker.swift */,
			);
			path = memeMaker;
			sourceTree = "<group>";
		};
/* End PBXGroup section */

/* Begin PBXNativeTarget section */
		3F800E6E244AC3F700D14EDD /* memeMaker */ = {
			isa = PBXNativeTarget;
			buildConfigurationList = 3F800E83244AC40000D14EDD /* Build configuration list for PBXNativeTarget "memeMaker" */;
			buildPhases = (
				3F800E6B244AC3F700D14EDD /* Sources */,
				3F800E6C244AC3F700D14EDD /* Frameworks */,
				3F800E6D244AC3F700D14EDD /* Resources */,
			);
			buildRules = (
			);
			dependencies = (
			);
			name = memeMaker;
			productName = memeMaker;
			productReference = 3F800E6F244AC3F700D14EDD /* memeMaker.app */;
			productType = "com.apple.product-type.application";
		};
/* End PBXNativeTarget section */

/* Begin PBXProject section */
		3F800E67244AC3F700D14EDD /* Project object */ = {
			isa = PBXProject;
			attributes = {
				LastSwiftUpdateCheck = 1140;
				LastUpgradeCheck = 1140;
				ORGANIZATIONNAME = "Apple Inc.";
				TargetAttributes = {
					3F800E6E244AC3F700D14EDD = {
						CreatedOnToolsVersion = 11.4.1;
					};
				};
			};
			buildConfigurationList = 3F800E6A244AC3F700D14EDD /* Build configuration list for PBXProject "memeMaker" */;
			compatibilityVersion = "Xcode 9.3";
			developmentRegion = en;
			hasScannedForEncodings = 0;
			knownRegions = (
				en,
				Base,
			);
			mainGroup = 3F800E66244AC3F700D14EDD;
			productRefGroup = 3F800E70244AC3F700D14EDD /* Products */;
			projectDirPath = "";
			projectRoot = "";
			targets = (
				3F800E6E244AC3F700D14EDD /* memeMaker */,
			);
		};
/* End PBXProject section */

/* Begin PBXResourcesBuildPhase section */
		3F800E6D244AC3F700D14EDD /* Resources */ = {
			isa = PBXResourcesBuildPhase;
			buildActionMask = 2147483647;
			files = (
				3F800E7F244AC40000D14EDD /* LaunchScreen.storyboard in Resources */,
				3F800E7C244AC40000D14EDD /* Assets.xcassets in Resources */,
				3F800E7A244AC3F700D14EDD /* Main.storyboard in Resources */,
			);
			runOnlyForDeploymentPostprocessing = 0;
		};
/* End PBXResourcesBuildPhase section */

/* Begin PBXSourcesBuildPhase section */
		3F800E6B244AC3F700D14EDD /* Sources */ = {
			isa = PBXSourcesBuildPhase;
			buildActionMask = 2147483647;
			files = (
				3F800E77244AC3F700D14EDD /* ViewController.swift in Sources */,
				3F800E73244AC3F700D14EDD /* AppDelegate.swift in Sources */,
				3F800E75244AC3F700D14EDD /* SceneDelegate.swift in Sources */,
				3F800E87244ACA6300D14EDD /* CaptionMaker.swift in Sources */,
			);
			runOnlyForDeploymentPostprocessing = 0;
		};
/* End PBXSourcesBuildPhase section */

/* Begin PBXVariantGroup section */
		3F800E78244AC3F700D14EDD /* Main.storyboard */ = {
			isa = PBXVariantGroup;
			children = (
				3F800E79244AC3F700D14EDD /* Base */,
			);
			name = Main.storyboard;
			sourceTree = "<group>";
		};
		3F800E7D244AC40000D14EDD /* LaunchScreen.storyboard */ = {
			isa = PBXVariantGroup;
			children = (
				3F800E7E244AC40000D14EDD /* Base */,
			);
			name = LaunchScreen.storyboard;
			sourceTree = "<group>";
		};
/* End PBXVariantGroup section */

/* Begin XCBuildConfiguration section */
		3F800E81244AC40000D14EDD /* Debug */ = {
			isa = XCBuildConfiguration;
			buildSettings = {
				ALWAYS_SEARCH_USER_PATHS = NO;
				CLANG_ANALYZER_NONNULL = YES;
				CLANG_ANALYZER_NUMBER_OBJECT_CONVERSION = YES_AGGRESSIVE;
				CLANG_CXX_LANGUAGE_STANDARD = "gnu++14";
				CLANG_CXX_LIBRARY = "libc++";
				CLANG_ENABLE_MODULES = YES;
				CLANG_ENABLE_OBJC_ARC = YES;
				CLANG_ENABLE_OBJC_WEAK = YES;
				CLANG_WARN_BLOCK_CAPTURE_AUTORELEASING = YES;
				CLANG_WARN_BOOL_CONVERSION = YES;
				CLANG_WARN_COMMA = YES;
				CLANG_WARN_CONSTANT_CONVERSION = YES;
				CLANG_WARN_DEPRECATED_OBJC_IMPLEMENTATIONS = YES;
				CLANG_WARN_DIRECT_OBJC_ISA_USAGE = YES_ERROR;
				CLANG_WARN_DOCUMENTATION_COMMENTS = YES;
				CLANG_WARN_EMPTY_BODY = YES;
				CLANG_WARN_ENUM_CONVERSION = YES;
				CLANG_WARN_INFINITE_RECURSION = YES;
				CLANG_WARN_INT_CONVERSION = YES;
				CLANG_WARN_NON_LITERAL_NULL_CONVERSION = YES;
				CLANG_WARN_OBJC_IMPLICIT_RETAIN_SELF = YES;
				CLANG_WARN_OBJC_LITERAL_CONVERSION = YES;
				CLANG_WARN_OBJC_ROOT_CLASS = YES_ERROR;
				CLANG_WARN_RANGE_LOOP_ANALYSIS = YES;
				CLANG_WARN_STRICT_PROTOTYPES = YES;
				CLANG_WARN_SUSPICIOUS_MOVE = YES;
				CLANG_WARN_UNGUARDED_AVAILABILITY = YES_AGGRESSIVE;
				CLANG_WARN_UNREACHABLE_CODE = YES;
				CLANG_WARN__DUPLICATE_METHOD_MATCH = YES;
				COPY_PHASE_STRIP = NO;
				DEBUG_INFORMATION_FORMAT = dwarf;
				ENABLE_STRICT_OBJC_MSGSEND = YES;
				ENABLE_TESTABILITY = YES;
				GCC_C_LANGUAGE_STANDARD = gnu11;
				GCC_DYNAMIC_NO_PIC = NO;
				GCC_NO_COMMON_BLOCKS = YES;
				GCC_OPTIMIZATION_LEVEL = 0;
				GCC_PREPROCESSOR_DEFINITIONS = (
					"DEBUG=1",
					"$(inherited)",
				);
				GCC_WARN_64_TO_32_BIT_CONVERSION = YES;
				GCC_WARN_ABOUT_RETURN_TYPE = YES_ERROR;
				GCC_WARN_UNDECLARED_SELECTOR = YES;
				GCC_WARN_UNINITIALIZED_AUTOS = YES_AGGRESSIVE;
				GCC_WARN_UNUSED_FUNCTION = YES;
				GCC_WARN_UNUSED_VARIABLE = YES;
				IPHONEOS_DEPLOYMENT_TARGET = 13.4;
				MTL_ENABLE_DEBUG_INFO = INCLUDE_SOURCE;
				MTL_FAST_MATH = YES;
				ONLY_ACTIVE_ARCH = YES;
				SDKROOT = iphoneos;
				SWIFT_ACTIVE_COMPILATION_CONDITIONS = DEBUG;
				SWIFT_OPTIMIZATION_LEVEL = "-Onone";
			};
			name = Debug;
		};
		3F800E82244AC40000D14EDD /* Release */ = {
			isa = XCBuildConfiguration;
			buildSettings = {
				ALWAYS_SEARCH_USER_PATHS = NO;
				CLANG_ANALYZER_NONNULL = YES;
				CLANG_ANALYZER_NUMBER_OBJECT_CONVERSION = YES_AGGRESSIVE;
				CLANG_CXX_LANGUAGE_STANDARD = "gnu++14";
				CLANG_CXX_LIBRARY = "libc++";
				CLANG_ENABLE_MODULES = YES;
				CLANG_ENABLE_OBJC_ARC = YES;
				CLANG_ENABLE_OBJC_WEAK = YES;
				CLANG_WARN_BLOCK_CAPTURE_AUTORELEASING = YES;
				CLANG_WARN_BOOL_CONVERSION = YES;
				CLANG_WARN_COMMA = YES;
				CLANG_WARN_CONSTANT_CONVERSION = YES;
				CLANG_WARN_DEPRECATED_OBJC_IMPLEMENTATIONS = YES;
				CLANG_WARN_DIRECT_OBJC_ISA_USAGE = YES_ERROR;
				CLANG_WARN_DOCUMENTATION_COMMENTS = YES;
				CLANG_WARN_EMPTY_BODY = YES;
				CLANG_WARN_ENUM_CONVERSION = YES;
				CLANG_WARN_INFINITE_RECURSION = YES;
				CLANG_WARN_INT_CONVERSION = YES;
				CLANG_WARN_NON_LITERAL_NULL_CONVERSION = YES;
				CLANG_WARN_OBJC_IMPLICIT_RETAIN_SELF = YES;
				CLANG_WARN_OBJC_LITERAL_CONVERSION = YES;
				CLANG_WARN_OBJC_ROOT_CLASS = YES_ERROR;
				CLANG_WARN_RANGE_LOOP_ANALYSIS = YES;
				CLANG_WARN_STRICT_PROTOTYPES = YES;
				CLANG_WARN_SUSPICIOUS_MOVE = YES;
				CLANG_WARN_UNGUARDED_AVAILABILITY = YES_AGGRESSIVE;
				CLANG_WARN_UNREACHABLE_CODE = YES;
				CLANG_WARN__DUPLICATE_METHOD_MATCH = YES;
				COPY_PHASE_STRIP = NO;
				DEBUG_INFORMATION_FORMAT = "dwarf-with-dsym";
				ENABLE_NS_ASSERTIONS = NO;
				ENABLE_STRICT_OBJC_MSGSEND = YES;
				GCC_C_LANGUAGE_STANDARD = gnu11;
				GCC_NO_COMMON_BLOCKS = YES;
				GCC_WARN_64_TO_32_BIT_CONVERSION = YES;
				GCC_WARN_ABOUT_RETURN_TYPE = YES_ERROR;
				GCC_WARN_UNDECLARED_SELECTOR = YES;
				GCC_WARN_UNINITIALIZED_AUTOS = YES_AGGRESSIVE;
				GCC_WARN_UNUSED_FUNCTION = YES;
				GCC_WARN_UNUSED_VARIABLE = YES;
				IPHONEOS_DEPLOYMENT_TARGET = 13.4;
				MTL_ENABLE_DEBUG_INFO = NO;
				MTL_FAST_MATH = YES;
				SDKROOT = iphoneos;
				SWIFT_COMPILATION_MODE = wholemodule;
				SWIFT_OPTIMIZATION_LEVEL = "-O";
				VALIDATE_PRODUCT = YES;
			};
			name = Release;
		};
		3F800E84244AC40000D14EDD /* Debug */ = {
			isa = XCBuildConfiguration;
			buildSettings = {
				ASSETCATALOG_COMPILER_APPICON_NAME = AppIcon;
				CODE_SIGN_STYLE = Automatic;
				INFOPLIST_FILE = memeMaker/Info.plist;
				LD_RUNPATH_SEARCH_PATHS = (
					"$(inherited)",
					"@executable_path/Frameworks",
				);
				PRODUCT_BUNDLE_IDENTIFIER = com.example.memeMaker;
				PRODUCT_NAME = "$(TARGET_NAME)";
				SWIFT_VERSION = 5.0;
				TARGETED_DEVICE_FAMILY = "1,2";
			};
			name = Debug;
		};
		3F800E85244AC40000D14EDD /* Release */ = {
			isa = XCBuildConfiguration;
			buildSettings = {
				ASSETCATALOG_COMPILER_APPICON_NAME = AppIcon;
				CODE_SIGN_STYLE = Automatic;
				INFOPLIST_FILE = memeMaker/Info.plist;
				LD_RUNPATH_SEARCH_PATHS = (
					"$(inherited)",
					"@executable_path/Frameworks",
				);
				PRODUCT_BUNDLE_IDENTIFIER = com.example.memeMaker;
				PRODUCT_NAME = "$(TARGET_NAME)";
				SWIFT_VERSION = 5.0;
				TARGETED_DEVICE_FAMILY = "1,2";
			};
			name = Release;
		};
/* End XCBuildConfiguration section */

/* Begin XCConfigurationList section */
		3F800E6A244AC3F700D14EDD /* Build configuration list for PBXProject "memeMaker" */ = {
			isa = XCConfigurationList;
			buildConfigurations = (
				3F800E81244AC40000D14EDD /* Debug */,
				3F800E82244AC40000D14EDD /* Release */,
			);
			defaultConfigurationIsVisible = 0;
			defaultConfigurationName = Release;
		};
		3F800E83244AC40000D14EDD /* Build configuration list for PBXNativeTarget "memeMaker" */ = {
			isa = XCConfigurationList;
			buildConfigurations = (
				3F800E84244AC40000D14EDD /* Debug */,
				3F800E85244AC40000D14EDD /* Release */,
			);
			defaultConfigurationIsVisible = 0;
			defaultConfigurationName = Release;
		};
/* End XCConfigurationList section */
	};
	rootObject = 3F800E67244AC3F700D14EDD /* Project object */;
}
